
Microsoft Visual Studio Solution File, Format Version 12.00
# Visual Studio Version 17
VisualStudioVersion = 17.0.31903.59
MinimumVisualStudioVersion = 10.0.40219.1
Project("{FAE04EC0-301F-11D3-BF4B-00C04F79EFBC}") = "HelloPack.CLI", "src\HelloPack.CLI\HelloPack.CLI.csproj", "{BCB4B3E7-0CBF-488E-8536-81054E0EA278}"
EndProject
Global
	GlobalSection(SolutionConfigurationPlatforms) = preSolution
		Debug|Any CPU = Debug|Any CPU
		Release|Any CPU = Release|Any CPU
	EndGlobalSection
	GlobalSection(ProjectConfigurationPlatforms) = postSolution
		{BCB4B3E7-0CBF-488E-8536-81054E0EA278}.Debug|Any CPU.ActiveCfg = Debug|Any CPU
		{BCB4B3E7-0CBF-488E-8536-81054E0EA278}.Debug|Any CPU.Build.0 = Debug|Any CPU
		{BCB4B3E7-0CBF-488E-8536-81054E0EA278}.Release|Any CPU.ActiveCfg = Release|Any CPU
		{BCB4B3E7-0CBF-488E-8536-81054E0EA278}.Release|Any CPU.Build.0 = Release|Any CPU
	EndGlobalSection
	GlobalSection(SolutionProperties) = preSolution
		HideSolutionNode = FALSE
	EndGlobalSection
	GlobalSection(ExtensibilityGlobals) = postSolution
		SolutionGuid = {DCE59DF8-689E-4C39-9E92-2BA2599EF48D}
	EndGlobalSection
EndGlobal
