
Microsoft Visual Studio Solution File, Format Version 12.00
# Visual Studio Version 17
VisualStudioVersion = 17.0.31903.59
MinimumVisualStudioVersion = 10.0.40219.1
Project("{9A19103F-16F7-4668-BE54-9A1E7A4F7556}") = "HelloPack.CLI", "src\HelloPack.CLI\HelloPack.CLI.csproj", "{BCB4B3E7-0CBF-488E-8536-81054E0EA278}"
EndProject
Project("{2150E333-8FDC-42A3-9474-1A3956D46DE8}") = "Solution Items", "Solution Items", "{BBD1714E-62A0-400E-BE41-278E9E2DD67D}"
	ProjectSection(SolutionItems) = preProject
		.github\workflows\ci.yml = .github\workflows\ci.yml
	EndProjectSection
EndProject
Global
	GlobalSection(SolutionConfigurationPlatforms) = preSolution
		Debug|Any CPU = Debug|Any CPU
		Release|Any CPU = Release|Any CPU
	EndGlobalSection
	GlobalSection(ProjectConfigurationPlatforms) = postSolution
		{BCB4B3E7-0CBF-488E-8536-81054E0EA278}.Debug|Any CPU.ActiveCfg = Debug|Any CPU
		{BCB4B3E7-0CBF-488E-8536-81054E0EA278}.Debug|Any CPU.Build.0 = Debug|Any CPU
		{BCB4B3E7-0CBF-488E-8536-81054E0EA278}.Release|Any CPU.ActiveCfg = Release|Any CPU
		{BCB4B3E7-0CBF-488E-8536-81054E0EA278}.Release|Any CPU.Build.0 = Release|Any CPU
	EndGlobalSection
	GlobalSection(SolutionProperties) = preSolution
		HideSolutionNode = FALSE
	EndGlobalSection
	GlobalSection(ExtensibilityGlobals) = postSolution
		SolutionGuid = {DCE59DF8-689E-4C39-9E92-2BA2599EF48D}
	EndGlobalSection
EndGlobal
